
Microsoft Visual Studio Solution File, Format Version 12.00
# Visual Studio Version 17
VisualStudioVersion = 17.2.32519.379
MinimumVisualStudioVersion = 10.0.40219.1
Project("{FAE04EC0-301F-11D3-BF4B-00C04F79EFBC}") = "Pxl", "Pxl\Pxl.csproj", "{664B6BF7-26BC-467A-9F80-4602D9189B7D}"
EndProject
Project("{FAE04EC0-301F-11D3-BF4B-00C04F79EFBC}") = "WpfPxl", "WpfPxl\WpfPxl.csproj", "{812359F3-3462-4184-B9D0-427E00DF6338}"
EndProject
Global
	GlobalSection(SolutionConfigurationPlatforms) = preSolution
		Debug|Any CPU = Debug|Any CPU
		Release|Any CPU = Release|Any CPU
	EndGlobalSection
	GlobalSection(ProjectConfigurationPlatforms) = postSolution
		{664B6BF7-26BC-467A-9F80-4602D9189B7D}.Debug|Any CPU.ActiveCfg = Debug|Any CPU
		{664B6BF7-26BC-467A-9F80-4602D9189B7D}.Debug|Any CPU.Build.0 = Debug|Any CPU
		{664B6BF7-26BC-467A-9F80-4602D9189B7D}.Release|Any CPU.ActiveCfg = Release|Any CPU
		{664B6BF7-26BC-467A-9F80-4602D9189B7D}.Release|Any CPU.Build.0 = Release|Any CPU
		{812359F3-3462-4184-B9D0-427E00DF6338}.Debug|Any CPU.ActiveCfg = Debug|Any CPU
		{812359F3-3462-4184-B9D0-427E00DF6338}.Debug|Any CPU.Build.0 = Debug|Any CPU
		{812359F3-3462-4184-B9D0-427E00DF6338}.Release|Any CPU.ActiveCfg = Release|Any CPU
		{812359F3-3462-4184-B9D0-427E00DF6338}.Release|Any CPU.Build.0 = Release|Any CPU
	EndGlobalSection
	GlobalSection(SolutionProperties) = preSolution
		HideSolutionNode = FALSE
	EndGlobalSection
	GlobalSection(ExtensibilityGlobals) = postSolution
		SolutionGuid = {F03AFFB2-24F6-4AA5-AD23-2C0ECEF9A722}
	EndGlobalSection
EndGlobal
